
Microsoft Visual Studio Solution File, Format Version 12.00
# Visual Studio Version 17
VisualStudioVersion = 17.8.34309.116
MinimumVisualStudioVersion = 10.0.40219.1
Project("{FAE04EC0-301F-11D3-BF4B-00C04F79EFBC}") = "ServerConsola", "ServerConsola.csproj", "{F7B176A7-6116-4764-8699-131E838F09A1}"
EndProject
Global
	GlobalSection(SolutionConfigurationPlatforms) = preSolution
		Debug|Any CPU = Debug|Any CPU
		Release|Any CPU = Release|Any CPU
	EndGlobalSection
	GlobalSection(ProjectConfigurationPlatforms) = postSolution
		{F7B176A7-6116-4764-8699-131E838F09A1}.Debug|Any CPU.ActiveCfg = Debug|Any CPU
		{F7B176A7-6116-4764-8699-131E838F09A1}.Debug|Any CPU.Build.0 = Debug|Any CPU
		{F7B176A7-6116-4764-8699-131E838F09A1}.Release|Any CPU.ActiveCfg = Release|Any CPU
		{F7B176A7-6116-4764-8699-131E838F09A1}.Release|Any CPU.Build.0 = Release|Any CPU
	EndGlobalSection
	GlobalSection(SolutionProperties) = preSolution
		HideSolutionNode = FALSE
	EndGlobalSection
	GlobalSection(ExtensibilityGlobals) = postSolution
		SolutionGuid = {5DD9764C-FE23-4FC9-A05A-70E0AE0DEA68}
	EndGlobalSection
EndGlobal
