
Microsoft Visual Studio Solution File, Format Version 12.00
# Visual Studio Version 17
VisualStudioVersion = 17.8.34316.72
MinimumVisualStudioVersion = 10.0.40219.1
Project("{FAE04EC0-301F-11D3-BF4B-00C04F79EFBC}") = "PipeFromCliente", "PipeFromCliente.csproj", "{10F7BB81-4E34-40B4-B387-7B062EDD3E01}"
EndProject
Global
	GlobalSection(SolutionConfigurationPlatforms) = preSolution
		Debug|Any CPU = Debug|Any CPU
		Release|Any CPU = Release|Any CPU
	EndGlobalSection
	GlobalSection(ProjectConfigurationPlatforms) = postSolution
		{10F7BB81-4E34-40B4-B387-7B062EDD3E01}.Debug|Any CPU.ActiveCfg = Debug|Any CPU
		{10F7BB81-4E34-40B4-B387-7B062EDD3E01}.Debug|Any CPU.Build.0 = Debug|Any CPU
		{10F7BB81-4E34-40B4-B387-7B062EDD3E01}.Release|Any CPU.ActiveCfg = Release|Any CPU
		{10F7BB81-4E34-40B4-B387-7B062EDD3E01}.Release|Any CPU.Build.0 = Release|Any CPU
	EndGlobalSection
	GlobalSection(SolutionProperties) = preSolution
		HideSolutionNode = FALSE
	EndGlobalSection
	GlobalSection(ExtensibilityGlobals) = postSolution
		SolutionGuid = {8E96F89C-F1C6-417A-8863-ECC52EDDE52D}
	EndGlobalSection
EndGlobal
