
Microsoft Visual Studio Solution File, Format Version 12.00
# Visual Studio Version 17
VisualStudioVersion = 17.7.34202.233
MinimumVisualStudioVersion = 10.0.40219.1
Project("{FAE04EC0-301F-11D3-BF4B-00C04F79EFBC}") = "1_Creacion", "1_Creacion\1_Creacion.csproj", "{5094227A-8F21-4FBA-A71C-B20221485D7C}"
EndProject
Project("{FAE04EC0-301F-11D3-BF4B-00C04F79EFBC}") = "2_SelArchivo", "SelArchivo\2_SelArchivo.csproj", "{33E4F2A0-2815-4217-BB1B-F18A8D278FC2}"
EndProject
Project("{FAE04EC0-301F-11D3-BF4B-00C04F79EFBC}") = "3_Monitorizacion", "3_Monitorizacion\3_Monitorizacion.csproj", "{769560CC-3CD9-48E2-BC3B-E1813CA981D2}"
EndProject
Project("{FAE04EC0-301F-11D3-BF4B-00C04F79EFBC}") = "4_Terminacion", "4_Terminacion\4_Terminacion.csproj", "{5BEDA605-B2AB-4696-94FB-18B4CEF94536}"
EndProject
Global
	GlobalSection(SolutionConfigurationPlatforms) = preSolution
		Debug|Any CPU = Debug|Any CPU
		Release|Any CPU = Release|Any CPU
	EndGlobalSection
	GlobalSection(ProjectConfigurationPlatforms) = postSolution
		{5094227A-8F21-4FBA-A71C-B20221485D7C}.Debug|Any CPU.ActiveCfg = Debug|Any CPU
		{5094227A-8F21-4FBA-A71C-B20221485D7C}.Debug|Any CPU.Build.0 = Debug|Any CPU
		{5094227A-8F21-4FBA-A71C-B20221485D7C}.Release|Any CPU.ActiveCfg = Release|Any CPU
		{5094227A-8F21-4FBA-A71C-B20221485D7C}.Release|Any CPU.Build.0 = Release|Any CPU
		{33E4F2A0-2815-4217-BB1B-F18A8D278FC2}.Debug|Any CPU.ActiveCfg = Debug|Any CPU
		{33E4F2A0-2815-4217-BB1B-F18A8D278FC2}.Debug|Any CPU.Build.0 = Debug|Any CPU
		{33E4F2A0-2815-4217-BB1B-F18A8D278FC2}.Release|Any CPU.ActiveCfg = Release|Any CPU
		{33E4F2A0-2815-4217-BB1B-F18A8D278FC2}.Release|Any CPU.Build.0 = Release|Any CPU
		{769560CC-3CD9-48E2-BC3B-E1813CA981D2}.Debug|Any CPU.ActiveCfg = Debug|Any CPU
		{769560CC-3CD9-48E2-BC3B-E1813CA981D2}.Debug|Any CPU.Build.0 = Debug|Any CPU
		{769560CC-3CD9-48E2-BC3B-E1813CA981D2}.Release|Any CPU.ActiveCfg = Release|Any CPU
		{769560CC-3CD9-48E2-BC3B-E1813CA981D2}.Release|Any CPU.Build.0 = Release|Any CPU
		{5BEDA605-B2AB-4696-94FB-18B4CEF94536}.Debug|Any CPU.ActiveCfg = Debug|Any CPU
		{5BEDA605-B2AB-4696-94FB-18B4CEF94536}.Debug|Any CPU.Build.0 = Debug|Any CPU
		{5BEDA605-B2AB-4696-94FB-18B4CEF94536}.Release|Any CPU.ActiveCfg = Release|Any CPU
		{5BEDA605-B2AB-4696-94FB-18B4CEF94536}.Release|Any CPU.Build.0 = Release|Any CPU
	EndGlobalSection
	GlobalSection(SolutionProperties) = preSolution
		HideSolutionNode = FALSE
	EndGlobalSection
	GlobalSection(ExtensibilityGlobals) = postSolution
		SolutionGuid = {E71CBF26-C6EB-4696-B9E6-2E71049A38C3}
	EndGlobalSection
EndGlobal
