
Microsoft Visual Studio Solution File, Format Version 12.00
# Visual Studio Version 16
VisualStudioVersion = 16.0.31911.196
MinimumVisualStudioVersion = 10.0.40219.1
Project("{FAE04EC0-301F-11D3-BF4B-00C04F79EFBC}") = "ServiciosWin", "ServiciosWin.csproj", "{EF632DFB-3732-423A-AA13-FE8EC03A47F9}"
EndProject
Global
	GlobalSection(SolutionConfigurationPlatforms) = preSolution
		Debug|Any CPU = Debug|Any CPU
		Release|Any CPU = Release|Any CPU
	EndGlobalSection
	GlobalSection(ProjectConfigurationPlatforms) = postSolution
		{EF632DFB-3732-423A-AA13-FE8EC03A47F9}.Debug|Any CPU.ActiveCfg = Debug|Any CPU
		{EF632DFB-3732-423A-AA13-FE8EC03A47F9}.Debug|Any CPU.Build.0 = Debug|Any CPU
		{EF632DFB-3732-423A-AA13-FE8EC03A47F9}.Release|Any CPU.ActiveCfg = Release|Any CPU
		{EF632DFB-3732-423A-AA13-FE8EC03A47F9}.Release|Any CPU.Build.0 = Release|Any CPU
	EndGlobalSection
	GlobalSection(SolutionProperties) = preSolution
		HideSolutionNode = FALSE
	EndGlobalSection
	GlobalSection(ExtensibilityGlobals) = postSolution
		SolutionGuid = {E42C780B-9303-4B99-9D38-A8C58FFD0D10}
	EndGlobalSection
EndGlobal
